# THIS IS AN AUTOGENERATED FILE. DO NOT EDIT THIS FILE DIRECTLY.
# yarn lockfile v1


mnist@^1.1.0:
  version "1.1.0"
  resolved "https://registry.yarnpkg.com/mnist/-/mnist-1.1.0.tgz#b83efc6af88d8db53b196665acdb50cf524bd2ba"
  integrity sha512-x+SfS5tSJnOEjad6jkuL91Cuq9EAVmy1IYt6vdWEsYCjJZsj0oB2xCq+sg5cgiEt9W+xBT31q9IwI2h7h1VtOw==
